
Microsoft Visual Studio Solution File, Format Version 12.00
# Visual Studio Version 17
VisualStudioVersion = 17.8.34322.80
MinimumVisualStudioVersion = 10.0.40219.1
Project("{FAE04EC0-301F-11D3-BF4B-00C04F79EFBC}") = "BlessMaker", "BlessMaker\BlessMaker.csproj", "{BE08EFAA-52CA-4678-BCEA-CB0839745382}"
EndProject
Project("{FAE04EC0-301F-11D3-BF4B-00C04F79EFBC}") = "Models", "Models\Models.csproj", "{10B194EB-FCF3-4FB8-ACF2-E7DD5C72D7AF}"
EndProject
Project("{FAE04EC0-301F-11D3-BF4B-00C04F79EFBC}") = "ViewModel", "ViewModel\ViewModel.csproj", "{C03FFBD8-45A0-4BB3-854B-5660267F5131}"
EndProject
Global
	GlobalSection(SolutionConfigurationPlatforms) = preSolution
		Debug|Any CPU = Debug|Any CPU
		Release|Any CPU = Release|Any CPU
	EndGlobalSection
	GlobalSection(ProjectConfigurationPlatforms) = postSolution
		{BE08EFAA-52CA-4678-BCEA-CB0839745382}.Debug|Any CPU.ActiveCfg = Debug|Any CPU
		{BE08EFAA-52CA-4678-BCEA-CB0839745382}.Debug|Any CPU.Build.0 = Debug|Any CPU
		{BE08EFAA-52CA-4678-BCEA-CB0839745382}.Debug|Any CPU.Deploy.0 = Debug|Any CPU
		{BE08EFAA-52CA-4678-BCEA-CB0839745382}.Release|Any CPU.ActiveCfg = Release|Any CPU
		{BE08EFAA-52CA-4678-BCEA-CB0839745382}.Release|Any CPU.Build.0 = Release|Any CPU
		{BE08EFAA-52CA-4678-BCEA-CB0839745382}.Release|Any CPU.Deploy.0 = Release|Any CPU
		{10B194EB-FCF3-4FB8-ACF2-E7DD5C72D7AF}.Debug|Any CPU.ActiveCfg = Debug|Any CPU
		{10B194EB-FCF3-4FB8-ACF2-E7DD5C72D7AF}.Debug|Any CPU.Build.0 = Debug|Any CPU
		{10B194EB-FCF3-4FB8-ACF2-E7DD5C72D7AF}.Release|Any CPU.ActiveCfg = Release|Any CPU
		{10B194EB-FCF3-4FB8-ACF2-E7DD5C72D7AF}.Release|Any CPU.Build.0 = Release|Any CPU
		{C03FFBD8-45A0-4BB3-854B-5660267F5131}.Debug|Any CPU.ActiveCfg = Debug|Any CPU
		{C03FFBD8-45A0-4BB3-854B-5660267F5131}.Debug|Any CPU.Build.0 = Debug|Any CPU
		{C03FFBD8-45A0-4BB3-854B-5660267F5131}.Release|Any CPU.ActiveCfg = Release|Any CPU
		{C03FFBD8-45A0-4BB3-854B-5660267F5131}.Release|Any CPU.Build.0 = Release|Any CPU
	EndGlobalSection
	GlobalSection(SolutionProperties) = preSolution
		HideSolutionNode = FALSE
	EndGlobalSection
	GlobalSection(ExtensibilityGlobals) = postSolution
		SolutionGuid = {309786C7-13B3-4CB5-B9FD-24F7EFD5384E}
	EndGlobalSection
EndGlobal
